
Microsoft Visual Studio Solution File, Format Version 12.00
# Visual Studio Version 16
VisualStudioVersion = 16.0.30503.244
MinimumVisualStudioVersion = 10.0.40219.1
Project("{FAE04EC0-301F-11D3-BF4B-00C04F79EFBC}") = "ImportCustomizations", "src\ImportCustomizations.csproj", "{2C15F602-15C3-48D1-9FE0-ACF1FBFAD5D0}"
EndProject
Project("{2150E333-8FDC-42A3-9474-1A3956D46DE8}") = "Build", "Build", "{BCD83E23-2B6B-4693-AD48-5D66A047D3B9}"
	ProjectSection(SolutionItems) = preProject
		Build\ImportCustomizations.exe.config = Build\ImportCustomizations.exe.config
		src\ImportCustomizations.nuspec = src\ImportCustomizations.nuspec
		Build\NuGetPush.bat = Build\NuGetPush.bat
	EndProjectSection
EndProject
Global
	GlobalSection(SolutionConfigurationPlatforms) = preSolution
		Debug|Any CPU = Debug|Any CPU
		Release|Any CPU = Release|Any CPU
	EndGlobalSection
	GlobalSection(ProjectConfigurationPlatforms) = postSolution
		{2C15F602-15C3-48D1-9FE0-ACF1FBFAD5D0}.Debug|Any CPU.ActiveCfg = Debug|Any CPU
		{2C15F602-15C3-48D1-9FE0-ACF1FBFAD5D0}.Debug|Any CPU.Build.0 = Debug|Any CPU
		{2C15F602-15C3-48D1-9FE0-ACF1FBFAD5D0}.Release|Any CPU.ActiveCfg = Release|Any CPU
		{2C15F602-15C3-48D1-9FE0-ACF1FBFAD5D0}.Release|Any CPU.Build.0 = Release|Any CPU
	EndGlobalSection
	GlobalSection(SolutionProperties) = preSolution
		HideSolutionNode = FALSE
	EndGlobalSection
	GlobalSection(ExtensibilityGlobals) = postSolution
		SolutionGuid = {D0E82D0D-38CB-4A6E-B06E-07CC2E331537}
	EndGlobalSection
EndGlobal
